
Microsoft Visual Studio Solution File, Format Version 12.00
# Visual Studio Version 17
VisualStudioVersion = 17.0.31903.59
MinimumVisualStudioVersion = 10.0.40219.1
Project("{2150E333-8FDC-42A3-9474-1A3956D46DE8}") = "src", "src", "{9CC755FD-2EB9-446B-AA6D-0C8209C5E3F2}"
EndProject
Project("{FAE04EC0-301F-11D3-BF4B-00C04F79EFBC}") = "ConsoleWithSpectre", "src\ProjectTemplates\Console.ProjectTemplates\ConsoleWithSpectre\ConsoleWithSpectre.csproj", "{ACEF6C05-2914-4986-A9C5-B68B3F8EC586}"
EndProject
Global
	GlobalSection(SolutionConfigurationPlatforms) = preSolution
		Debug|Any CPU = Debug|Any CPU
		Release|Any CPU = Release|Any CPU
	EndGlobalSection
	GlobalSection(ProjectConfigurationPlatforms) = postSolution
		{ACEF6C05-2914-4986-A9C5-B68B3F8EC586}.Debug|Any CPU.ActiveCfg = Debug|Any CPU
		{ACEF6C05-2914-4986-A9C5-B68B3F8EC586}.Debug|Any CPU.Build.0 = Debug|Any CPU
		{ACEF6C05-2914-4986-A9C5-B68B3F8EC586}.Release|Any CPU.ActiveCfg = Release|Any CPU
		{ACEF6C05-2914-4986-A9C5-B68B3F8EC586}.Release|Any CPU.Build.0 = Release|Any CPU
	EndGlobalSection
	GlobalSection(SolutionProperties) = preSolution
		HideSolutionNode = FALSE
	EndGlobalSection
	GlobalSection(NestedProjects) = preSolution
		{ACEF6C05-2914-4986-A9C5-B68B3F8EC586} = {9CC755FD-2EB9-446B-AA6D-0C8209C5E3F2}
	EndGlobalSection
EndGlobal
